
Microsoft Visual Studio Solution File, Format Version 12.00
# Visual Studio Version 16
VisualStudioVersion = 16.0.30320.27
MinimumVisualStudioVersion = 15.0.26124.0
Project("{9A19103F-16F7-4668-BE54-9A1E7A4F7556}") = "WebApiTwitchAuthContrib", "src\WebApiTwitchAuthContrib\WebApiTwitchAuthContrib.csproj", "{7A7F918A-B973-4A90-8D23-C80758B09669}"
EndProject
Global
	GlobalSection(SolutionConfigurationPlatforms) = preSolution
		Debug|Any CPU = Debug|Any CPU
		Debug|x64 = Debug|x64
		Debug|x86 = Debug|x86
		Release|Any CPU = Release|Any CPU
		Release|x64 = Release|x64
		Release|x86 = Release|x86
	EndGlobalSection
	GlobalSection(ProjectConfigurationPlatforms) = postSolution
		{7A7F918A-B973-4A90-8D23-C80758B09669}.Debug|Any CPU.ActiveCfg = Debug|Any CPU
		{7A7F918A-B973-4A90-8D23-C80758B09669}.Debug|Any CPU.Build.0 = Debug|Any CPU
		{7A7F918A-B973-4A90-8D23-C80758B09669}.Debug|x64.ActiveCfg = Debug|Any CPU
		{7A7F918A-B973-4A90-8D23-C80758B09669}.Debug|x64.Build.0 = Debug|Any CPU
		{7A7F918A-B973-4A90-8D23-C80758B09669}.Debug|x86.ActiveCfg = Debug|Any CPU
		{7A7F918A-B973-4A90-8D23-C80758B09669}.Debug|x86.Build.0 = Debug|Any CPU
		{7A7F918A-B973-4A90-8D23-C80758B09669}.Release|Any CPU.ActiveCfg = Release|Any CPU
		{7A7F918A-B973-4A90-8D23-C80758B09669}.Release|Any CPU.Build.0 = Release|Any CPU
		{7A7F918A-B973-4A90-8D23-C80758B09669}.Release|x64.ActiveCfg = Release|Any CPU
		{7A7F918A-B973-4A90-8D23-C80758B09669}.Release|x64.Build.0 = Release|Any CPU
		{7A7F918A-B973-4A90-8D23-C80758B09669}.Release|x86.ActiveCfg = Release|Any CPU
		{7A7F918A-B973-4A90-8D23-C80758B09669}.Release|x86.Build.0 = Release|Any CPU
	EndGlobalSection
	GlobalSection(SolutionProperties) = preSolution
		HideSolutionNode = FALSE
	EndGlobalSection
	GlobalSection(ExtensibilityGlobals) = postSolution
		SolutionGuid = {11CB8F6F-54D4-403D-998F-B142C3E787E7}
	EndGlobalSection
EndGlobal
